
Microsoft Visual Studio Solution File, Format Version 12.00
# Visual Studio 14
VisualStudioVersion = 14.0.25420.1
MinimumVisualStudioVersion = 10.0.40219.1
Project("{FAE04EC0-301F-11D3-BF4B-00C04F79EFBC}") = "ToDictionary_Code", "ToDictionary_Code\ToDictionary_Code.csproj", "{3B46C1D2-8099-4A15-B435-42486C4E1074}"
EndProject
Project("{FAE04EC0-301F-11D3-BF4B-00C04F79EFBC}") = "ToDictionary_Test", "ToDictionary_Test\ToDictionary_Test.csproj", "{3C522A5C-E27B-4FF2-B369-3802629D57EB}"
EndProject
Global
	GlobalSection(SolutionConfigurationPlatforms) = preSolution
		Debug|Any CPU = Debug|Any CPU
		Release|Any CPU = Release|Any CPU
	EndGlobalSection
	GlobalSection(ProjectConfigurationPlatforms) = postSolution
		{3B46C1D2-8099-4A15-B435-42486C4E1074}.Debug|Any CPU.ActiveCfg = Debug|Any CPU
		{3B46C1D2-8099-4A15-B435-42486C4E1074}.Debug|Any CPU.Build.0 = Debug|Any CPU
		{3B46C1D2-8099-4A15-B435-42486C4E1074}.Release|Any CPU.ActiveCfg = Release|Any CPU
		{3B46C1D2-8099-4A15-B435-42486C4E1074}.Release|Any CPU.Build.0 = Release|Any CPU
		{3C522A5C-E27B-4FF2-B369-3802629D57EB}.Debug|Any CPU.ActiveCfg = Debug|Any CPU
		{3C522A5C-E27B-4FF2-B369-3802629D57EB}.Debug|Any CPU.Build.0 = Debug|Any CPU
		{3C522A5C-E27B-4FF2-B369-3802629D57EB}.Release|Any CPU.ActiveCfg = Release|Any CPU
		{3C522A5C-E27B-4FF2-B369-3802629D57EB}.Release|Any CPU.Build.0 = Release|Any CPU
	EndGlobalSection
	GlobalSection(SolutionProperties) = preSolution
		HideSolutionNode = FALSE
	EndGlobalSection
EndGlobal
