
Microsoft Visual Studio Solution File, Format Version 12.00
# Visual Studio 15
VisualStudioVersion = 15.0.27004.2006
MinimumVisualStudioVersion = 10.0.40219.1
Project("{FAE04EC0-301F-11D3-BF4B-00C04F79EFBC}") = "Uebung", "Uebung\Uebung.csproj", "{517CBEC2-AC4A-45B2-9723-04B7C46F82FE}"
EndProject
Project("{FAE04EC0-301F-11D3-BF4B-00C04F79EFBC}") = "FizzBuzzReal.Library", "FizzBuzzReal.Library\FizzBuzzReal.Library.csproj", "{700008C7-E265-4452-9A0A-295C1B49CF33}"
EndProject
Project("{FAE04EC0-301F-11D3-BF4B-00C04F79EFBC}") = "FizzBuzz.Library.Tests", "FizzBuzz.Library.Tests\FizzBuzz.Library.Tests.csproj", "{874E0BA1-4532-4F68-8B31-81E1C5AC3226}"
EndProject
Global
	GlobalSection(SolutionConfigurationPlatforms) = preSolution
		Debug|Any CPU = Debug|Any CPU
		Release|Any CPU = Release|Any CPU
	EndGlobalSection
	GlobalSection(ProjectConfigurationPlatforms) = postSolution
		{517CBEC2-AC4A-45B2-9723-04B7C46F82FE}.Debug|Any CPU.ActiveCfg = Debug|Any CPU
		{517CBEC2-AC4A-45B2-9723-04B7C46F82FE}.Debug|Any CPU.Build.0 = Debug|Any CPU
		{517CBEC2-AC4A-45B2-9723-04B7C46F82FE}.Release|Any CPU.ActiveCfg = Release|Any CPU
		{517CBEC2-AC4A-45B2-9723-04B7C46F82FE}.Release|Any CPU.Build.0 = Release|Any CPU
		{700008C7-E265-4452-9A0A-295C1B49CF33}.Debug|Any CPU.ActiveCfg = Debug|Any CPU
		{700008C7-E265-4452-9A0A-295C1B49CF33}.Debug|Any CPU.Build.0 = Debug|Any CPU
		{700008C7-E265-4452-9A0A-295C1B49CF33}.Release|Any CPU.ActiveCfg = Release|Any CPU
		{700008C7-E265-4452-9A0A-295C1B49CF33}.Release|Any CPU.Build.0 = Release|Any CPU
		{874E0BA1-4532-4F68-8B31-81E1C5AC3226}.Debug|Any CPU.ActiveCfg = Debug|Any CPU
		{874E0BA1-4532-4F68-8B31-81E1C5AC3226}.Debug|Any CPU.Build.0 = Debug|Any CPU
		{874E0BA1-4532-4F68-8B31-81E1C5AC3226}.Release|Any CPU.ActiveCfg = Release|Any CPU
		{874E0BA1-4532-4F68-8B31-81E1C5AC3226}.Release|Any CPU.Build.0 = Release|Any CPU
	EndGlobalSection
	GlobalSection(SolutionProperties) = preSolution
		HideSolutionNode = FALSE
	EndGlobalSection
	GlobalSection(ExtensibilityGlobals) = postSolution
		SolutionGuid = {373489CD-D039-407F-84EA-172B9C2C3BC4}
	EndGlobalSection
EndGlobal
