
Microsoft Visual Studio Solution File, Format Version 12.00
# Visual Studio 14
VisualStudioVersion = 14.0.25420.1
MinimumVisualStudioVersion = 10.0.40219.1
Project("{FAE04EC0-301F-11D3-BF4B-00C04F79EFBC}") = "Kekse_Neu", "Kekse_Neu\Kekse_Neu.csproj", "{9891CC2E-28FE-4421-8120-3AB3F2424D2D}"
EndProject
Project("{FAE04EC0-301F-11D3-BF4B-00C04F79EFBC}") = "KlasseTest", "KlasseTest\KlasseTest.csproj", "{42F3CF12-8978-46FD-8F14-10B1F30823E0}"
EndProject
Global
	GlobalSection(SolutionConfigurationPlatforms) = preSolution
		Debug|Any CPU = Debug|Any CPU
		Release|Any CPU = Release|Any CPU
	EndGlobalSection
	GlobalSection(ProjectConfigurationPlatforms) = postSolution
		{9891CC2E-28FE-4421-8120-3AB3F2424D2D}.Debug|Any CPU.ActiveCfg = Debug|Any CPU
		{9891CC2E-28FE-4421-8120-3AB3F2424D2D}.Debug|Any CPU.Build.0 = Debug|Any CPU
		{9891CC2E-28FE-4421-8120-3AB3F2424D2D}.Release|Any CPU.ActiveCfg = Release|Any CPU
		{9891CC2E-28FE-4421-8120-3AB3F2424D2D}.Release|Any CPU.Build.0 = Release|Any CPU
		{42F3CF12-8978-46FD-8F14-10B1F30823E0}.Debug|Any CPU.ActiveCfg = Debug|Any CPU
		{42F3CF12-8978-46FD-8F14-10B1F30823E0}.Debug|Any CPU.Build.0 = Debug|Any CPU
		{42F3CF12-8978-46FD-8F14-10B1F30823E0}.Release|Any CPU.ActiveCfg = Release|Any CPU
		{42F3CF12-8978-46FD-8F14-10B1F30823E0}.Release|Any CPU.Build.0 = Release|Any CPU
	EndGlobalSection
	GlobalSection(SolutionProperties) = preSolution
		HideSolutionNode = FALSE
	EndGlobalSection
EndGlobal
